
Microsoft Visual Studio Solution File, Format Version 12.00
# Visual Studio Version 17
VisualStudioVersion = 17.2.32616.157
MinimumVisualStudioVersion = 10.0.40219.1
Project("{FAE04EC0-301F-11D3-BF4B-00C04F79EFBC}") = "HotelBona", "KingWilliam\HotelBona.csproj", "{8EF6B0C4-1B19-428E-B333-6AF35974F83A}"
EndProject
Project("{2150E333-8FDC-42A3-9474-1A3956D46DE8}") = "Элементы решения", "Элементы решения", "{6998D0C7-F248-4BAE-9914-944E706BC552}"
	ProjectSection(SolutionItems) = preProject
		..\ПоНомерам.rdl = ..\ПоНомерам.rdl
	EndProjectSection
EndProject
Global
	GlobalSection(SolutionConfigurationPlatforms) = preSolution
		Debug|Any CPU = Debug|Any CPU
		Release|Any CPU = Release|Any CPU
	EndGlobalSection
	GlobalSection(ProjectConfigurationPlatforms) = postSolution
		{8EF6B0C4-1B19-428E-B333-6AF35974F83A}.Debug|Any CPU.ActiveCfg = Debug|Any CPU
		{8EF6B0C4-1B19-428E-B333-6AF35974F83A}.Debug|Any CPU.Build.0 = Debug|Any CPU
		{8EF6B0C4-1B19-428E-B333-6AF35974F83A}.Release|Any CPU.ActiveCfg = Release|Any CPU
		{8EF6B0C4-1B19-428E-B333-6AF35974F83A}.Release|Any CPU.Build.0 = Release|Any CPU
	EndGlobalSection
	GlobalSection(SolutionProperties) = preSolution
		HideSolutionNode = FALSE
	EndGlobalSection
	GlobalSection(ExtensibilityGlobals) = postSolution
		SolutionGuid = {5B362560-D1FC-44A9-B8D8-E90E668E09B2}
	EndGlobalSection
EndGlobal
